
Microsoft Visual Studio Solution File, Format Version 12.00
# Visual Studio 15
VisualStudioVersion = 15.0.27428.2015
MinimumVisualStudioVersion = 10.0.40219.1
Project("{2150E333-8FDC-42A3-9474-1A3956D46DE8}") = "Solution Items", "Solution Items", "{7631C5BC-B886-4703-82EF-85269AB4C4AA}"
	ProjectSection(SolutionItems) = preProject
		.gitignore = .gitignore
		Readme.docx = Readme.docx
		ReferenceAchitecture-dev-notes.docx = ReferenceAchitecture-dev-notes.docx
	EndProjectSection
EndProject
Project("{E53339B2-1760-4266-BCC7-CA923CBCF16C}") = "docker-compose", "docker-compose.dcproj", "{96321D24-A1E5-4C38-A029-B4B2093F8F5B}"
EndProject
Project("{9A19103F-16F7-4668-BE54-9A1E7A4F7556}") = "ECA.Services.Goober", "ECA.Services.Goober\ECA.Services.Goober.csproj", "{B673772D-C6FB-4B2D-92B3-0ACEBF565770}"
EndProject
Project("{9A19103F-16F7-4668-BE54-9A1E7A4F7556}") = "ECA.Services.Goober.DAL", "ECA.Services.Goober.DAL\ECA.Services.Goober.DAL.csproj", "{6E1658A5-28E6-4F99-B52E-4FACF7A9CCD3}"
EndProject
Project("{00D1A9C2-B5F0-4AF3-8072-F6C62B433612}") = "ECA.Services.Goober.Database", "ECA.Services.Goober.Database\ECA.Services.Goober.Database.sqlproj", "{0D43ECBC-D0D5-404A-B880-92F1DE2E09A2}"
EndProject
Project("{9A19103F-16F7-4668-BE54-9A1E7A4F7556}") = "ECA.Services.Goober.Tests", "ECA.Services.Goober.Tests\ECA.Services.Goober.Tests.csproj", "{21A4A19F-CD56-4B6F-8028-9CD710B7BF46}"
EndProject
Global
	GlobalSection(SolutionConfigurationPlatforms) = preSolution
		Debug|Any CPU = Debug|Any CPU
		Release|Any CPU = Release|Any CPU
	EndGlobalSection
	GlobalSection(ProjectConfigurationPlatforms) = postSolution
		{96321D24-A1E5-4C38-A029-B4B2093F8F5B}.Debug|Any CPU.ActiveCfg = Debug|Any CPU
		{96321D24-A1E5-4C38-A029-B4B2093F8F5B}.Debug|Any CPU.Build.0 = Debug|Any CPU
		{96321D24-A1E5-4C38-A029-B4B2093F8F5B}.Release|Any CPU.ActiveCfg = Release|Any CPU
		{96321D24-A1E5-4C38-A029-B4B2093F8F5B}.Release|Any CPU.Build.0 = Release|Any CPU
		{B673772D-C6FB-4B2D-92B3-0ACEBF565770}.Debug|Any CPU.ActiveCfg = Debug|Any CPU
		{B673772D-C6FB-4B2D-92B3-0ACEBF565770}.Debug|Any CPU.Build.0 = Debug|Any CPU
		{B673772D-C6FB-4B2D-92B3-0ACEBF565770}.Release|Any CPU.ActiveCfg = Release|Any CPU
		{B673772D-C6FB-4B2D-92B3-0ACEBF565770}.Release|Any CPU.Build.0 = Release|Any CPU
		{6E1658A5-28E6-4F99-B52E-4FACF7A9CCD3}.Debug|Any CPU.ActiveCfg = Debug|Any CPU
		{6E1658A5-28E6-4F99-B52E-4FACF7A9CCD3}.Debug|Any CPU.Build.0 = Debug|Any CPU
		{6E1658A5-28E6-4F99-B52E-4FACF7A9CCD3}.Release|Any CPU.ActiveCfg = Release|Any CPU
		{6E1658A5-28E6-4F99-B52E-4FACF7A9CCD3}.Release|Any CPU.Build.0 = Release|Any CPU
		{0D43ECBC-D0D5-404A-B880-92F1DE2E09A2}.Debug|Any CPU.ActiveCfg = Debug|Any CPU
		{0D43ECBC-D0D5-404A-B880-92F1DE2E09A2}.Debug|Any CPU.Build.0 = Debug|Any CPU
		{0D43ECBC-D0D5-404A-B880-92F1DE2E09A2}.Debug|Any CPU.Deploy.0 = Debug|Any CPU
		{0D43ECBC-D0D5-404A-B880-92F1DE2E09A2}.Release|Any CPU.ActiveCfg = Release|Any CPU
		{0D43ECBC-D0D5-404A-B880-92F1DE2E09A2}.Release|Any CPU.Build.0 = Release|Any CPU
		{0D43ECBC-D0D5-404A-B880-92F1DE2E09A2}.Release|Any CPU.Deploy.0 = Release|Any CPU
		{21A4A19F-CD56-4B6F-8028-9CD710B7BF46}.Debug|Any CPU.ActiveCfg = Debug|Any CPU
		{21A4A19F-CD56-4B6F-8028-9CD710B7BF46}.Debug|Any CPU.Build.0 = Debug|Any CPU
		{21A4A19F-CD56-4B6F-8028-9CD710B7BF46}.Release|Any CPU.ActiveCfg = Release|Any CPU
		{21A4A19F-CD56-4B6F-8028-9CD710B7BF46}.Release|Any CPU.Build.0 = Release|Any CPU
	EndGlobalSection
	GlobalSection(SolutionProperties) = preSolution
		HideSolutionNode = FALSE
	EndGlobalSection
	GlobalSection(ExtensibilityGlobals) = postSolution
		SolutionGuid = {6D53D694-24EE-433B-897E-C6FE3F8F8FEC}
	EndGlobalSection
EndGlobal
